
Microsoft Visual Studio Solution File, Format Version 12.00
# Visual Studio Version 17
VisualStudioVersion = 17.0.31903.59
MinimumVisualStudioVersion = 10.0.40219.1
Project("{FAE04EC0-301F-11D3-BF4B-00C04F79EFBC}") = "ReminderChallenge.API", "ReminderChallenge.API\ReminderChallenge.API.csproj", "{1A7CF96B-57E4-4271-823E-F0292023816D}"
EndProject
Project("{FAE04EC0-301F-11D3-BF4B-00C04F79EFBC}") = "ReminderChallenge.Service", "ReminderChallenge.Service\ReminderChallenge.Service.csproj", "{5002C3D1-744E-4720-9D71-94B396F337E5}"
EndProject
Project("{FAE04EC0-301F-11D3-BF4B-00C04F79EFBC}") = "ReminderChallenge.Repository", "ReminderChallenge.Repository\ReminderChallenge.Repository.csproj", "{28038E10-91CC-425F-AE44-FA52C4821B56}"
EndProject
Global
	GlobalSection(SolutionConfigurationPlatforms) = preSolution
		Debug|Any CPU = Debug|Any CPU
		Release|Any CPU = Release|Any CPU
	EndGlobalSection
	GlobalSection(ProjectConfigurationPlatforms) = postSolution
		{1A7CF96B-57E4-4271-823E-F0292023816D}.Debug|Any CPU.ActiveCfg = Debug|Any CPU
		{1A7CF96B-57E4-4271-823E-F0292023816D}.Debug|Any CPU.Build.0 = Debug|Any CPU
		{1A7CF96B-57E4-4271-823E-F0292023816D}.Release|Any CPU.ActiveCfg = Release|Any CPU
		{1A7CF96B-57E4-4271-823E-F0292023816D}.Release|Any CPU.Build.0 = Release|Any CPU
		{5002C3D1-744E-4720-9D71-94B396F337E5}.Debug|Any CPU.ActiveCfg = Debug|Any CPU
		{5002C3D1-744E-4720-9D71-94B396F337E5}.Debug|Any CPU.Build.0 = Debug|Any CPU
		{5002C3D1-744E-4720-9D71-94B396F337E5}.Release|Any CPU.ActiveCfg = Release|Any CPU
		{5002C3D1-744E-4720-9D71-94B396F337E5}.Release|Any CPU.Build.0 = Release|Any CPU
		{28038E10-91CC-425F-AE44-FA52C4821B56}.Debug|Any CPU.ActiveCfg = Debug|Any CPU
		{28038E10-91CC-425F-AE44-FA52C4821B56}.Debug|Any CPU.Build.0 = Debug|Any CPU
		{28038E10-91CC-425F-AE44-FA52C4821B56}.Release|Any CPU.ActiveCfg = Release|Any CPU
		{28038E10-91CC-425F-AE44-FA52C4821B56}.Release|Any CPU.Build.0 = Release|Any CPU
	EndGlobalSection
	GlobalSection(SolutionProperties) = preSolution
		HideSolutionNode = FALSE
	EndGlobalSection
EndGlobal
